
Microsoft Visual Studio Solution File, Format Version 12.00
# Visual Studio Version 16
VisualStudioVersion = 25.0.1706.0
MinimumVisualStudioVersion = 10.0.40219.1
Project("{FAE04EC0-301F-11D3-BF4B-00C04F79EFBC}") = "Recruiting_API", "Recruiting_API.csproj", "{ED2FC0BE-9AF8-4F14-AE6F-8EFFC1F788DC}"
EndProject
Global
	GlobalSection(SolutionConfigurationPlatforms) = preSolution
		Debug|Any CPU = Debug|Any CPU
		Release|Any CPU = Release|Any CPU
	EndGlobalSection
	GlobalSection(ProjectConfigurationPlatforms) = postSolution
		{ED2FC0BE-9AF8-4F14-AE6F-8EFFC1F788DC}.Debug|Any CPU.ActiveCfg = Debug|Any CPU
		{ED2FC0BE-9AF8-4F14-AE6F-8EFFC1F788DC}.Debug|Any CPU.Build.0 = Debug|Any CPU
		{ED2FC0BE-9AF8-4F14-AE6F-8EFFC1F788DC}.Release|Any CPU.ActiveCfg = Release|Any CPU
		{ED2FC0BE-9AF8-4F14-AE6F-8EFFC1F788DC}.Release|Any CPU.Build.0 = Release|Any CPU
	EndGlobalSection
	GlobalSection(SolutionProperties) = preSolution
		HideSolutionNode = FALSE
	EndGlobalSection
	GlobalSection(ExtensibilityGlobals) = postSolution
		SolutionGuid = {EAE6BDC1-E167-41D9-B61A-9E4554125FB5}
	EndGlobalSection
EndGlobal
